// !$*UTF8*$!
{
	archiveVersion = 1;
	classes = {
	};
	objectVersion = 46;
	objects = {

/* Begin PBXBuildFile section */
		BB9411621B64117D007E3128 /* AppDelegate.swift in Sources */ = {isa = PBXBuildFile; fileRef = BB9411611B64117D007E3128 /* AppDelegate.swift */; };
		BB9411671B64117D007E3128 /* Main.storyboard in Resources */ = {isa = PBXBuildFile; fileRef = BB9411651B64117D007E3128 /* Main.storyboard */; };
		BB9411691B64117D007E3128 /* Images.xcassets in Resources */ = {isa = PBXBuildFile; fileRef = BB9411681B64117D007E3128 /* Images.xcassets */; };
		BB94116C1B64117D007E3128 /* LaunchScreen.xib in Resources */ = {isa = PBXBuildFile; fileRef = BB94116A1B64117D007E3128 /* LaunchScreen.xib */; };
		BB9411781B64117D007E3128 /* BuildIt_Tests.swift in Sources */ = {isa = PBXBuildFile; fileRef = BB9411771B64117D007E3128 /* BuildIt_Tests.swift */; };
		BB9411821B641909007E3128 /* TableViewSpecs.swift in Sources */ = {isa = PBXBuildFile; fileRef = BB9411811B641909007E3128 /* TableViewSpecs.swift */; };
		BB9411881B6424F5007E3128 /* DetailViewController.swift in Sources */ = {isa = PBXBuildFile; fileRef = BB9411871B6424F5007E3128 /* DetailViewController.swift */; };
		BBA1DFEF1BA3DEC900D596D0 /* MapViewController.swift in Sources */ = {isa = PBXBuildFile; fileRef = BBA1DFEE1BA3DEC900D596D0 /* MapViewController.swift */; };
		BBA1DFF11BA3E94700D596D0 /* pinObject.swift in Sources */ = {isa = PBXBuildFile; fileRef = BBA1DFF01BA3E94700D596D0 /* pinObject.swift */; };
		BBC1A31C1BA4BF3900BCF668 /* HomeController.swift in Sources */ = {isa = PBXBuildFile; fileRef = BBC1A31B1BA4BF3900BCF668 /* HomeController.swift */; };
/* End PBXBuildFile section */

/* Begin PBXContainerItemProxy section */
		BB9411721B64117D007E3128 /* PBXContainerItemProxy */ = {
			isa = PBXContainerItemProxy;
			containerPortal = BB9411541B64117D007E3128 /* Project object */;
			proxyType = 1;
			remoteGlobalIDString = BB94115B1B64117D007E3128;
			remoteInfo = "BuildIt!";
		};
/* End PBXContainerItemProxy section */

/* Begin PBXFileReference section */
		BB94115C1B64117D007E3128 /* BuildIt!.app */ = {isa = PBXFileReference; explicitFileType = wrapper.application; includeInIndex = 0; path = "BuildIt!.app"; sourceTree = BUILT_PRODUCTS_DIR; };
		BB9411601B64117D007E3128 /* Info.plist */ = {isa = PBXFileReference; lastKnownFileType = text.plist.xml; path = Info.plist; sourceTree = "<group>"; };
		BB9411611B64117D007E3128 /* AppDelegate.swift */ = {isa = PBXFileReference; lastKnownFileType = sourcecode.swift; path = AppDelegate.swift; sourceTree = "<group>"; };
		BB9411661B64117D007E3128 /* Base */ = {isa = PBXFileReference; lastKnownFileType = file.storyboard; name = Base; path = Base.lproj/Main.storyboard; sourceTree = "<group>"; };
		BB9411681B64117D007E3128 /* Images.xcassets */ = {isa = PBXFileReference; lastKnownFileType = folder.assetcatalog; path = Images.xcassets; sourceTree = "<group>"; };
		BB94116B1B64117D007E3128 /* Base */ = {isa = PBXFileReference; lastKnownFileType = file.xib; name = Base; path = Base.lproj/LaunchScreen.xib; sourceTree = "<group>"; };
		BB9411711B64117D007E3128 /* BuildIt!Tests.xctest */ = {isa = PBXFileReference; explicitFileType = wrapper.cfbundle; includeInIndex = 0; path = "BuildIt!Tests.xctest"; sourceTree = BUILT_PRODUCTS_DIR; };
		BB9411761B64117D007E3128 /* Info.plist */ = {isa = PBXFileReference; lastKnownFileType = text.plist.xml; path = Info.plist; sourceTree = "<group>"; };
		BB9411771B64117D007E3128 /* BuildIt_Tests.swift */ = {isa = PBXFileReference; lastKnownFileType = sourcecode.swift; path = BuildIt_Tests.swift; sourceTree = "<group>"; };
		BB9411811B641909007E3128 /* TableViewSpecs.swift */ = {isa = PBXFileReference; fileEncoding = 4; lastKnownFileType = sourcecode.swift; path = TableViewSpecs.swift; sourceTree = "<group>"; };
		BB9411871B6424F5007E3128 /* DetailViewController.swift */ = {isa = PBXFileReference; fileEncoding = 4; lastKnownFileType = sourcecode.swift; path = DetailViewController.swift; sourceTree = "<group>"; };
		BBA1DFEE1BA3DEC900D596D0 /* MapViewController.swift */ = {isa = PBXFileReference; fileEncoding = 4; lastKnownFileType = sourcecode.swift; path = MapViewController.swift; sourceTree = "<group>"; };
		BBA1DFF01BA3E94700D596D0 /* pinObject.swift */ = {isa = PBXFileReference; fileEncoding = 4; lastKnownFileType = sourcecode.swift; path = pinObject.swift; sourceTree = "<group>"; };
		BBC1A31B1BA4BF3900BCF668 /* HomeController.swift */ = {isa = PBXFileReference; fileEncoding = 4; lastKnownFileType = sourcecode.swift; path = HomeController.swift; sourceTree = "<group>"; };
/* End PBXFileReference section */

/* Begin PBXFrameworksBuildPhase section */
		BB9411591B64117D007E3128 /* Frameworks */ = {
			isa = PBXFrameworksBuildPhase;
			buildActionMask = 2147483647;
			files = (
			);
			runOnlyForDeploymentPostprocessing = 0;
		};
		BB94116E1B64117D007E3128 /* Frameworks */ = {
			isa = PBXFrameworksBuildPhase;
			buildActionMask = 2147483647;
			files = (
			);
			runOnlyForDeploymentPostprocessing = 0;
		};
/* End PBXFrameworksBuildPhase section */

/* Begin PBXGroup section */
		BB9411531B64117D007E3128 = {
			isa = PBXGroup;
			children = (
				BB94115E1B64117D007E3128 /* BuildIt! */,
				BB9411741B64117D007E3128 /* BuildIt!Tests */,
				BB94115D1B64117D007E3128 /* Products */,
			);
			sourceTree = "<group>";
		};
		BB94115D1B64117D007E3128 /* Products */ = {
			isa = PBXGroup;
			children = (
				BB94115C1B64117D007E3128 /* BuildIt!.app */,
				BB9411711B64117D007E3128 /* BuildIt!Tests.xctest */,
			);
			name = Products;
			sourceTree = "<group>";
		};
		BB94115E1B64117D007E3128 /* BuildIt! */ = {
			isa = PBXGroup;
			children = (
				BB9411611B64117D007E3128 /* AppDelegate.swift */,
				BBA1DFF01BA3E94700D596D0 /* pinObject.swift */,
				BB9411811B641909007E3128 /* TableViewSpecs.swift */,
				BB9411651B64117D007E3128 /* Main.storyboard */,
				BBC1A31B1BA4BF3900BCF668 /* HomeController.swift */,
				BBA1DFEE1BA3DEC900D596D0 /* MapViewController.swift */,
				BB9411871B6424F5007E3128 /* DetailViewController.swift */,
				BB9411681B64117D007E3128 /* Images.xcassets */,
				BB94116A1B64117D007E3128 /* LaunchScreen.xib */,
				BB94115F1B64117D007E3128 /* Supporting Files */,
			);
			path = "BuildIt!";
			sourceTree = "<group>";
		};
		BB94115F1B64117D007E3128 /* Supporting Files */ = {
			isa = PBXGroup;
			children = (
				BB9411601B64117D007E3128 /* Info.plist */,
			);
			name = "Supporting Files";
			sourceTree = "<group>";
		};
		BB9411741B64117D007E3128 /* BuildIt!Tests */ = {
			isa = PBXGroup;
			children = (
				BB9411771B64117D007E3128 /* BuildIt_Tests.swift */,
				BB9411751B64117D007E3128 /* Supporting Files */,
			);
			path = "BuildIt!Tests";
			sourceTree = "<group>";
		};
		BB9411751B64117D007E3128 /* Supporting Files */ = {
			isa = PBXGroup;
			children = (
				BB9411761B64117D007E3128 /* Info.plist */,
			);
			name = "Supporting Files";
			sourceTree = "<group>";
		};
/* End PBXGroup section */

/* Begin PBXNativeTarget section */
		BB94115B1B64117D007E3128 /* BuildIt! */ = {
			isa = PBXNativeTarget;
			buildConfigurationList = BB94117B1B64117D007E3128 /* Build configuration list for PBXNativeTarget "BuildIt!" */;
			buildPhases = (
				BB9411581B64117D007E3128 /* Sources */,
				BB9411591B64117D007E3128 /* Frameworks */,
				BB94115A1B64117D007E3128 /* Resources */,
			);
			buildRules = (
			);
			dependencies = (
			);
			name = "BuildIt!";
			productName = "BuildIt!";
			productReference = BB94115C1B64117D007E3128 /* BuildIt!.app */;
			productType = "com.apple.product-type.application";
		};
		BB9411701B64117D007E3128 /* BuildIt!Tests */ = {
			isa = PBXNativeTarget;
			buildConfigurationList = BB94117E1B64117D007E3128 /* Build configuration list for PBXNativeTarget "BuildIt!Tests" */;
			buildPhases = (
				BB94116D1B64117D007E3128 /* Sources */,
				BB94116E1B64117D007E3128 /* Frameworks */,
				BB94116F1B64117D007E3128 /* Resources */,
			);
			buildRules = (
			);
			dependencies = (
				BB9411731B64117D007E3128 /* PBXTargetDependency */,
			);
			name = "BuildIt!Tests";
			productName = "BuildIt!Tests";
			productReference = BB9411711B64117D007E3128 /* BuildIt!Tests.xctest */;
			productType = "com.apple.product-type.bundle.unit-test";
		};
/* End PBXNativeTarget section */

/* Begin PBXProject section */
		BB9411541B64117D007E3128 /* Project object */ = {
			isa = PBXProject;
			attributes = {
				LastUpgradeCheck = 0640;
				ORGANIZATIONNAME = "Srihari Mohan";
				TargetAttributes = {
					BB94115B1B64117D007E3128 = {
						CreatedOnToolsVersion = 6.4;
					};
					BB9411701B64117D007E3128 = {
						CreatedOnToolsVersion = 6.4;
						TestTargetID = BB94115B1B64117D007E3128;
					};
				};
			};
			buildConfigurationList = BB9411571B64117D007E3128 /* Build configuration list for PBXProject "BuildIt!" */;
			compatibilityVersion = "Xcode 3.2";
			developmentRegion = English;
			hasScannedForEncodings = 0;
			knownRegions = (
				en,
				Base,
			);
			mainGroup = BB9411531B64117D007E3128;
			productRefGroup = BB94115D1B64117D007E3128 /* Products */;
			projectDirPath = "";
			projectRoot = "";
			targets = (
				BB94115B1B64117D007E3128 /* BuildIt! */,
				BB9411701B64117D007E3128 /* BuildIt!Tests */,
			);
		};
/* End PBXProject section */

/* Begin PBXResourcesBuildPhase section */
		BB94115A1B64117D007E3128 /* Resources */ = {
			isa = PBXResourcesBuildPhase;
			buildActionMask = 2147483647;
			files = (
				BB9411671B64117D007E3128 /* Main.storyboard in Resources */,
				BB94116C1B64117D007E3128 /* LaunchScreen.xib in Resources */,
				BB9411691B64117D007E3128 /* Images.xcassets in Resources */,
			);
			runOnlyForDeploymentPostprocessing = 0;
		};
		BB94116F1B64117D007E3128 /* Resources */ = {
			isa = PBXResourcesBuildPhase;
			buildActionMask = 2147483647;
			files = (
			);
			runOnlyForDeploymentPostprocessing = 0;
		};
/* End PBXResourcesBuildPhase section */

/* Begin PBXSourcesBuildPhase section */
		BB9411581B64117D007E3128 /* Sources */ = {
			isa = PBXSourcesBuildPhase;
			buildActionMask = 2147483647;
			files = (
				BB9411621B64117D007E3128 /* AppDelegate.swift in Sources */,
				BBA1DFEF1BA3DEC900D596D0 /* MapViewController.swift in Sources */,
				BB9411821B641909007E3128 /* TableViewSpecs.swift in Sources */,
				BB9411881B6424F5007E3128 /* DetailViewController.swift in Sources */,
				BBC1A31C1BA4BF3900BCF668 /* HomeController.swift in Sources */,
				BBA1DFF11BA3E94700D596D0 /* pinObject.swift in Sources */,
			);
			runOnlyForDeploymentPostprocessing = 0;
		};
		BB94116D1B64117D007E3128 /* Sources */ = {
			isa = PBXSourcesBuildPhase;
			buildActionMask = 2147483647;
			files = (
				BB9411781B64117D007E3128 /* BuildIt_Tests.swift in Sources */,
			);
			runOnlyForDeploymentPostprocessing = 0;
		};
/* End PBXSourcesBuildPhase section */

/* Begin PBXTargetDependency section */
		BB9411731B64117D007E3128 /* PBXTargetDependency */ = {
			isa = PBXTargetDependency;
			target = BB94115B1B64117D007E3128 /* BuildIt! */;
			targetProxy = BB9411721B64117D007E3128 /* PBXContainerItemProxy */;
		};
/* End PBXTargetDependency section */

/* Begin PBXVariantGroup section */
		BB9411651B64117D007E3128 /* Main.storyboard */ = {
			isa = PBXVariantGroup;
			children = (
				BB9411661B64117D007E3128 /* Base */,
			);
			name = Main.storyboard;
			sourceTree = "<group>";
		};
		BB94116A1B64117D007E3128 /* LaunchScreen.xib */ = {
			isa = PBXVariantGroup;
			children = (
				BB94116B1B64117D007E3128 /* Base */,
			);
			name = LaunchScreen.xib;
			sourceTree = "<group>";
		};
/* End PBXVariantGroup section */

/* Begin XCBuildConfiguration section */
		BB9411791B64117D007E3128 /* Debug */ = {
			isa = XCBuildConfiguration;
			buildSettings = {
				ALWAYS_SEARCH_USER_PATHS = NO;
				CLANG_CXX_LANGUAGE_STANDARD = "gnu++0x";
				CLANG_CXX_LIBRARY = "libc++";
				CLANG_ENABLE_MODULES = YES;
				CLANG_ENABLE_OBJC_ARC = YES;
				CLANG_WARN_BOOL_CONVERSION = YES;
				CLANG_WARN_CONSTANT_CONVERSION = YES;
				CLANG_WARN_DIRECT_OBJC_ISA_USAGE = YES_ERROR;
				CLANG_WARN_EMPTY_BODY = YES;
				CLANG_WARN_ENUM_CONVERSION = YES;
				CLANG_WARN_INT_CONVERSION = YES;
				CLANG_WARN_OBJC_ROOT_CLASS = YES_ERROR;
				CLANG_WARN_UNREACHABLE_CODE = YES;
				CLANG_WARN__DUPLICATE_METHOD_MATCH = YES;
				"CODE_SIGN_IDENTITY[sdk=iphoneos*]" = "iPhone Developer";
				COPY_PHASE_STRIP = NO;
				DEBUG_INFORMATION_FORMAT = "dwarf-with-dsym";
				ENABLE_STRICT_OBJC_MSGSEND = YES;
				GCC_C_LANGUAGE_STANDARD = gnu99;
				GCC_DYNAMIC_NO_PIC = NO;
				GCC_NO_COMMON_BLOCKS = YES;
				GCC_OPTIMIZATION_LEVEL = 0;
				GCC_PREPROCESSOR_DEFINITIONS = (
					"DEBUG=1",
					"$(inherited)",
				);
				GCC_SYMBOLS_PRIVATE_EXTERN = NO;
				GCC_WARN_64_TO_32_BIT_CONVERSION = YES;
				GCC_WARN_ABOUT_RETURN_TYPE = YES_ERROR;
				GCC_WARN_UNDECLARED_SELECTOR = YES;
				GCC_WARN_UNINITIALIZED_AUTOS = YES_AGGRESSIVE;
				GCC_WARN_UNUSED_FUNCTION = YES;
				GCC_WARN_UNUSED_VARIABLE = YES;
				IPHONEOS_DEPLOYMENT_TARGET = 8.4;
				MTL_ENABLE_DEBUG_INFO = YES;
				ONLY_ACTIVE_ARCH = YES;
				SDKROOT = iphoneos;
				SWIFT_OPTIMIZATION_LEVEL = "-Onone";
				TARGETED_DEVICE_FAMILY = "1,2";
			};
			name = Debug;
		};
		BB94117A1B64117D007E3128 /* Release */ = {
			isa = XCBuildConfiguration;
			buildSettings = {
				ALWAYS_SEARCH_USER_PATHS = NO;
				CLANG_CXX_LANGUAGE_STANDARD = "gnu++0x";
				CLANG_CXX_LIBRARY = "libc++";
				CLANG_ENABLE_MODULES = YES;
				CLANG_ENABLE_OBJC_ARC = YES;
				CLANG_WARN_BOOL_CONVERSION = YES;
				CLANG_WARN_CONSTANT_CONVERSION = YES;
				CLANG_WARN_DIRECT_OBJC_ISA_USAGE = YES_ERROR;
				CLANG_WARN_EMPTY_BODY = YES;
				CLANG_WARN_ENUM_CONVERSION = YES;
				CLANG_WARN_INT_CONVERSION = YES;
				CLANG_WARN_OBJC_ROOT_CLASS = YES_ERROR;
				CLANG_WARN_UNREACHABLE_CODE = YES;
				CLANG_WARN__DUPLICATE_METHOD_MATCH = YES;
				"CODE_SIGN_IDENTITY[sdk=iphoneos*]" = "iPhone Developer";
				COPY_PHASE_STRIP = NO;
				DEBUG_INFORMATION_FORMAT = "dwarf-with-dsym";
				ENABLE_NS_ASSERTIONS = NO;
				ENABLE_STRICT_OBJC_MSGSEND = YES;
				GCC_C_LANGUAGE_STANDARD = gnu99;
				GCC_NO_COMMON_BLOCKS = YES;
				GCC_WARN_64_TO_32_BIT_CONVERSION = YES;
				GCC_WARN_ABOUT_RETURN_TYPE = YES_ERROR;
				GCC_WARN_UNDECLARED_SELECTOR = YES;
				GCC_WARN_UNINITIALIZED_AUTOS = YES_AGGRESSIVE;
				GCC_WARN_UNUSED_FUNCTION = YES;
				GCC_WARN_UNUSED_VARIABLE = YES;
				IPHONEOS_DEPLOYMENT_TARGET = 8.4;
				MTL_ENABLE_DEBUG_INFO = NO;
				SDKROOT = iphoneos;
				TARGETED_DEVICE_FAMILY = "1,2";
				VALIDATE_PRODUCT = YES;
			};
			name = Release;
		};
		BB94117C1B64117D007E3128 /* Debug */ = {
			isa = XCBuildConfiguration;
			buildSettings = {
				ASSETCATALOG_COMPILER_APPICON_NAME = AppIcon;
				INFOPLIST_FILE = "BuildIt!/Info.plist";
				LD_RUNPATH_SEARCH_PATHS = "$(inherited) @executable_path/Frameworks";
				PRODUCT_NAME = "$(TARGET_NAME)";
			};
			name = Debug;
		};
		BB94117D1B64117D007E3128 /* Release */ = {
			isa = XCBuildConfiguration;
			buildSettings = {
				ASSETCATALOG_COMPILER_APPICON_NAME = AppIcon;
				INFOPLIST_FILE = "BuildIt!/Info.plist";
				LD_RUNPATH_SEARCH_PATHS = "$(inherited) @executable_path/Frameworks";
				PRODUCT_NAME = "$(TARGET_NAME)";
			};
			name = Release;
		};
		BB94117F1B64117D007E3128 /* Debug */ = {
			isa = XCBuildConfiguration;
			buildSettings = {
				BUNDLE_LOADER = "$(TEST_HOST)";
				FRAMEWORK_SEARCH_PATHS = (
					"$(SDKROOT)/Developer/Library/Frameworks",
					"$(inherited)",
				);
				GCC_PREPROCESSOR_DEFINITIONS = (
					"DEBUG=1",
					"$(inherited)",
				);
				INFOPLIST_FILE = "BuildIt!Tests/Info.plist";
				LD_RUNPATH_SEARCH_PATHS = "$(inherited) @executable_path/Frameworks @loader_path/Frameworks";
				PRODUCT_NAME = "$(TARGET_NAME)";
				TEST_HOST = "$(BUILT_PRODUCTS_DIR)/BuildIt!.app/BuildIt!";
			};
			name = Debug;
		};
		BB9411801B64117D007E3128 /* Release */ = {
			isa = XCBuildConfiguration;
			buildSettings = {
				BUNDLE_LOADER = "$(TEST_HOST)";
				FRAMEWORK_SEARCH_PATHS = (
					"$(SDKROOT)/Developer/Library/Frameworks",
					"$(inherited)",
				);
				INFOPLIST_FILE = "BuildIt!Tests/Info.plist";
				LD_RUNPATH_SEARCH_PATHS = "$(inherited) @executable_path/Frameworks @loader_path/Frameworks";
				PRODUCT_NAME = "$(TARGET_NAME)";
				TEST_HOST = "$(BUILT_PRODUCTS_DIR)/BuildIt!.app/BuildIt!";
			};
			name = Release;
		};
/* End XCBuildConfiguration section */

/* Begin XCConfigurationList section */
		BB9411571B64117D007E3128 /* Build configuration list for PBXProject "BuildIt!" */ = {
			isa = XCConfigurationList;
			buildConfigurations = (
				BB9411791B64117D007E3128 /* Debug */,
				BB94117A1B64117D007E3128 /* Release */,
			);
			defaultConfigurationIsVisible = 0;
			defaultConfigurationName = Release;
		};
		BB94117B1B64117D007E3128 /* Build configuration list for PBXNativeTarget "BuildIt!" */ = {
			isa = XCConfigurationList;
			buildConfigurations = (
				BB94117C1B64117D007E3128 /* Debug */,
				BB94117D1B64117D007E3128 /* Release */,
			);
			defaultConfigurationIsVisible = 0;
			defaultConfigurationName = Release;
		};
		BB94117E1B64117D007E3128 /* Build configuration list for PBXNativeTarget "BuildIt!Tests" */ = {
			isa = XCConfigurationList;
			buildConfigurations = (
				BB94117F1B64117D007E3128 /* Debug */,
				BB9411801B64117D007E3128 /* Release */,
			);
			defaultConfigurationIsVisible = 0;
			defaultConfigurationName = Release;
		};
/* End XCConfigurationList section */
	};
	rootObject = BB9411541B64117D007E3128 /* Project object */;
}
